
Microsoft Visual Studio Solution File, Format Version 12.00
# Visual Studio Version 16
VisualStudioVersion = 16.0.29905.134
MinimumVisualStudioVersion = 10.0.40219.1
Project("{9A19103F-16F7-4668-BE54-9A1E7A4F7556}") = "MovieTimeProject", "MovieTimeProject\MovieTimeProject.csproj", "{065DD3D9-4D6C-44CB-A038-8A4E30FF2C0F}"
EndProject
Project("{9A19103F-16F7-4668-BE54-9A1E7A4F7556}") = "MovieTime.DataAccessLibrary", "MovieTime.DataAccessLibrary\MovieTime.DataAccessLibrary.csproj", "{F1A1932A-15E3-42C0-847B-DD1A79862773}"
EndProject
Project("{9A19103F-16F7-4668-BE54-9A1E7A4F7556}") = "MovieTime.ApplicationLogicLibrary", "MovieTime.ApplicationLogicLibrary\MovieTime.ApplicationLogicLibrary.csproj", "{0E014C62-C1F8-4721-B1A8-2C008F168521}"
EndProject
Global
	GlobalSection(SolutionConfigurationPlatforms) = preSolution
		Debug|Any CPU = Debug|Any CPU
		Release|Any CPU = Release|Any CPU
	EndGlobalSection
	GlobalSection(ProjectConfigurationPlatforms) = postSolution
		{065DD3D9-4D6C-44CB-A038-8A4E30FF2C0F}.Debug|Any CPU.ActiveCfg = Debug|Any CPU
		{065DD3D9-4D6C-44CB-A038-8A4E30FF2C0F}.Debug|Any CPU.Build.0 = Debug|Any CPU
		{065DD3D9-4D6C-44CB-A038-8A4E30FF2C0F}.Release|Any CPU.ActiveCfg = Release|Any CPU
		{065DD3D9-4D6C-44CB-A038-8A4E30FF2C0F}.Release|Any CPU.Build.0 = Release|Any CPU
		{F1A1932A-15E3-42C0-847B-DD1A79862773}.Debug|Any CPU.ActiveCfg = Debug|Any CPU
		{F1A1932A-15E3-42C0-847B-DD1A79862773}.Debug|Any CPU.Build.0 = Debug|Any CPU
		{F1A1932A-15E3-42C0-847B-DD1A79862773}.Release|Any CPU.ActiveCfg = Release|Any CPU
		{F1A1932A-15E3-42C0-847B-DD1A79862773}.Release|Any CPU.Build.0 = Release|Any CPU
		{0E014C62-C1F8-4721-B1A8-2C008F168521}.Debug|Any CPU.ActiveCfg = Debug|Any CPU
		{0E014C62-C1F8-4721-B1A8-2C008F168521}.Debug|Any CPU.Build.0 = Debug|Any CPU
		{0E014C62-C1F8-4721-B1A8-2C008F168521}.Release|Any CPU.ActiveCfg = Release|Any CPU
		{0E014C62-C1F8-4721-B1A8-2C008F168521}.Release|Any CPU.Build.0 = Release|Any CPU
	EndGlobalSection
	GlobalSection(SolutionProperties) = preSolution
		HideSolutionNode = FALSE
	EndGlobalSection
	GlobalSection(ExtensibilityGlobals) = postSolution
		SolutionGuid = {59FDAFE9-4758-4DBA-9766-D225DB84422D}
	EndGlobalSection
EndGlobal
